
Microsoft Visual Studio Solution File, Format Version 12.00
# Visual Studio Version 16
VisualStudioVersion = 16.0.30517.126
MinimumVisualStudioVersion = 10.0.40219.1
Project("{9A19103F-16F7-4668-BE54-9A1E7A4F7556}") = "x46_FW", "x46_FW\x46_FW.csproj", "{3AC1BE84-555D-451D-9A41-9B941AAD694A}"
EndProject
Project("{2150E333-8FDC-42A3-9474-1A3956D46DE8}") = "Solution Items", "Solution Items", "{D8CE7225-9518-407F-B3DD-7CE9B64D6EF8}"
	ProjectSection(SolutionItems) = preProject
		.editorconfig = .editorconfig
	EndProjectSection
EndProject
Project("{9A19103F-16F7-4668-BE54-9A1E7A4F7556}") = "x46_tester_CLT", "x46_tester_CLT\x46_tester_CLT.csproj", "{8BB423CB-8557-4FF1-8E1E-926F44757EFF}"
EndProject
Global
	GlobalSection(SolutionConfigurationPlatforms) = preSolution
		Debug|Any CPU = Debug|Any CPU
		Release|Any CPU = Release|Any CPU
	EndGlobalSection
	GlobalSection(ProjectConfigurationPlatforms) = postSolution
		{3AC1BE84-555D-451D-9A41-9B941AAD694A}.Debug|Any CPU.ActiveCfg = Debug|Any CPU
		{3AC1BE84-555D-451D-9A41-9B941AAD694A}.Debug|Any CPU.Build.0 = Debug|Any CPU
		{3AC1BE84-555D-451D-9A41-9B941AAD694A}.Release|Any CPU.ActiveCfg = Release|Any CPU
		{3AC1BE84-555D-451D-9A41-9B941AAD694A}.Release|Any CPU.Build.0 = Release|Any CPU
		{8BB423CB-8557-4FF1-8E1E-926F44757EFF}.Debug|Any CPU.ActiveCfg = Debug|Any CPU
		{8BB423CB-8557-4FF1-8E1E-926F44757EFF}.Debug|Any CPU.Build.0 = Debug|Any CPU
		{8BB423CB-8557-4FF1-8E1E-926F44757EFF}.Release|Any CPU.ActiveCfg = Release|Any CPU
		{8BB423CB-8557-4FF1-8E1E-926F44757EFF}.Release|Any CPU.Build.0 = Release|Any CPU
	EndGlobalSection
	GlobalSection(SolutionProperties) = preSolution
		HideSolutionNode = FALSE
	EndGlobalSection
	GlobalSection(ExtensibilityGlobals) = postSolution
		SolutionGuid = {674A7C3C-0F8C-4720-87E1-5A6B193B1BE8}
	EndGlobalSection
EndGlobal
